# This file is automatically @generated by Cargo.
# It is not intended for manual editing.
version = 4

[[package]]
name = "autocfg"
version = "1.4.0"
source = "registry+https://github.com/rust-lang/crates.io-index"
checksum = "ace50bade8e6234aa140d9a2f552bbee1db4d353f69b8217bc503490fc1a9f26"

[[package]]
name = "bitflags"
version = "2.8.0"
source = "registry+https://github.com/rust-lang/crates.io-index"
checksum = "8f68f53c83ab957f72c32642f3868eec03eb974d1fb82e453128456482613d36"

[[package]]
name = "etw-reader"
version = "0.1.0"
dependencies = [
 "bitflags",
 "memoffset",
 "num-derive",
 "num-traits",
 "rustc-hash",
 "windows",
]

[[package]]
name = "memoffset"
version = "0.9.1"
source = "registry+https://github.com/rust-lang/crates.io-index"
checksum = "488016bfae457b036d996092f6cb448677611ce4449e970ceaf42695203f218a"
dependencies = [
 "autocfg",
]

[[package]]
name = "num-derive"
version = "0.4.2"
source = "registry+https://github.com/rust-lang/crates.io-index"
checksum = "ed3955f1a9c7c0c15e092f9c887db08b1fc683305fdf6eb6684f22555355e202"
dependencies = [
 "proc-macro2",
 "quote",
 "syn",
]

[[package]]
name = "num-traits"
version = "0.2.19"
source = "registry+https://github.com/rust-lang/crates.io-index"
checksum = "071dfc062690e90b734c0b2273ce72ad0ffa95f0c74596bc250dcfd960262841"
dependencies = [
 "autocfg",
]

[[package]]
name = "proc-macro2"
version = "1.0.92"
source = "registry+https://github.com/rust-lang/crates.io-index"
checksum = "37d3544b3f2748c54e147655edb5025752e2303145b5aefb3c3ea2c78b973bb0"
dependencies = [
 "unicode-ident",
]

[[package]]
name = "quote"
version = "1.0.37"
source = "registry+https://github.com/rust-lang/crates.io-index"
checksum = "b5b9d34b8991d19d98081b46eacdd8eb58c6f2b201139f7c5f643cc155a633af"
dependencies = [
 "proc-macro2",
]

[[package]]
name = "rustc-hash"
version = "2.1.2"
source = "registry+https://github.com/rust-lang/crates.io-index"
checksum = "94300abf3f1ae2e2b8ffb7b58043de3d399c73fa6f4b73826402a5c457614dbe"

[[package]]
name = "syn"
version = "2.0.90"
source = "registry+https://github.com/rust-lang/crates.io-index"
checksum = "919d3b74a5dd0ccd15aeb8f93e7006bd9e14c295087c9896a110f490752bcf31"
dependencies = [
 "proc-macro2",
 "quote",
 "unicode-ident",
]

[[package]]
name = "unicode-ident"
version = "1.0.14"
source = "registry+https://github.com/rust-lang/crates.io-index"
checksum = "adb9e6ca4f869e1180728b7950e35922a7fc6397f7b641499e8f3ef06e50dc83"

[[package]]
name = "windows"
version = "0.60.0"
source = "registry+https://github.com/rust-lang/crates.io-index"
checksum = "ddf874e74c7a99773e62b1c671427abf01a425e77c3d3fb9fb1e4883ea934529"
dependencies = [
 "windows-collections",
 "windows-core",
 "windows-future",
 "windows-link",
 "windows-numerics",
]

[[package]]
name = "windows-collections"
version = "0.1.1"
source = "registry+https://github.com/rust-lang/crates.io-index"
checksum = "5467f79cc1ba3f52ebb2ed41dbb459b8e7db636cc3429458d9a852e15bc24dec"
dependencies = [
 "windows-core",
]

[[package]]
name = "windows-core"
version = "0.60.1"
source = "registry+https://github.com/rust-lang/crates.io-index"
checksum = "ca21a92a9cae9bf4ccae5cf8368dce0837100ddf6e6d57936749e85f152f6247"
dependencies = [
 "windows-implement",
 "windows-interface",
 "windows-link",
 "windows-result",
 "windows-strings",
]

[[package]]
name = "windows-future"
version = "0.1.1"
source = "registry+https://github.com/rust-lang/crates.io-index"
checksum = "a787db4595e7eb80239b74ce8babfb1363d8e343ab072f2ffe901400c03349f0"
dependencies = [
 "windows-core",
 "windows-link",
]

[[package]]
name = "windows-implement"
version = "0.59.0"
source = "registry+https://github.com/rust-lang/crates.io-index"
checksum = "83577b051e2f49a058c308f17f273b570a6a758386fc291b5f6a934dd84e48c1"
dependencies = [
 "proc-macro2",
 "quote",
 "syn",
]

[[package]]
name = "windows-interface"
version = "0.59.0"
source = "registry+https://github.com/rust-lang/crates.io-index"
checksum = "cb26fd936d991781ea39e87c3a27285081e3c0da5ca0fcbc02d368cc6f52ff01"
dependencies = [
 "proc-macro2",
 "quote",
 "syn",
]

[[package]]
name = "windows-link"
version = "0.1.3"
source = "registry+https://github.com/rust-lang/crates.io-index"
checksum = "5e6ad25900d524eaabdbbb96d20b4311e1e7ae1699af4fb28c17ae66c80d798a"

[[package]]
name = "windows-numerics"
version = "0.1.1"
source = "registry+https://github.com/rust-lang/crates.io-index"
checksum = "005dea54e2f6499f2cee279b8f703b3cf3b5734a2d8d21867c8f44003182eeed"
dependencies = [
 "windows-core",
 "windows-link",
]

[[package]]
name = "windows-result"
version = "0.3.4"
source = "registry+https://github.com/rust-lang/crates.io-index"
checksum = "56f42bd332cc6c8eac5af113fc0c1fd6a8fd2aa08a0119358686e5160d0586c6"
dependencies = [
 "windows-link",
]

[[package]]
name = "windows-strings"
version = "0.3.1"
source = "registry+https://github.com/rust-lang/crates.io-index"
checksum = "87fa48cc5d406560701792be122a10132491cff9d0aeb23583cc2dcafc847319"
dependencies = [
 "windows-link",
]
